// !$*UTF8*$!
{
	archiveVersion = 1;
	classes = {
	};
	objectVersion = 44;
	objects = {

/* Begin PBXBuildFile section */
		4DE339F70D74FCDD00ADB6EE /* rb_main.rb in Resources */ = {isa = PBXBuildFile; fileRef = 4DE339F60D74FCDD00ADB6EE /* rb_main.rb */; };
		4DE3BE140D8651D900ECA448 /* MacRuby.framework in Frameworks */ = {isa = PBXBuildFile; fileRef = 4DE3BE130D8651D900ECA448 /* MacRuby.framework */; };
		8D11072B0486CEB800E47090 /* InfoPlist.strings in Resources */ = {isa = PBXBuildFile; fileRef = 089C165CFE840E0CC02AAC07 /* InfoPlist.strings */; };
		8D11072D0486CEB800E47090 /* main.m in Sources */ = {isa = PBXBuildFile; fileRef = 29B97316FDCFA39411CA2CEA /* main.m */; settings = {ATTRIBUTES = (); }; };
		8D11072F0486CEB800E47090 /* Cocoa.framework in Frameworks */ = {isa = PBXBuildFile; fileRef = 1058C7A1FEA54F0111CA2CBB /* Cocoa.framework */; };
		8F0C5D830EADC1EE007FBAA3 /* AppDelegate.rb in Resources */ = {isa = PBXBuildFile; fileRef = 8F0C5D820EADC1EE007FBAA3 /* AppDelegate.rb */; };
		8F0C5D890EADC379007FBAA3 /* MacRubyApp.xcdatamodel in Sources */ = {isa = PBXBuildFile; fileRef = 8F0C5D880EADC379007FBAA3 /* MacRubyApp.xcdatamodel */; };
		CD68AC5A11C9455700CF9405 /* MainMenu.xib in Resources */ = {isa = PBXBuildFile; fileRef = CD68AC5911C9455700CF9405 /* MainMenu.xib */; };
		F4E3EB321297A5D60005ECAD /* Instapaper.rb in Resources */ = {isa = PBXBuildFile; fileRef = F4E3EB311297A5D60005ECAD /* Instapaper.rb */; };
		F4E3EE70129809DB0005ECAD /* ASIDataCompressor.m in Sources */ = {isa = PBXBuildFile; fileRef = F4E3EE5D129809DB0005ECAD /* ASIDataCompressor.m */; };
		F4E3EE71129809DB0005ECAD /* ASIDataDecompressor.m in Sources */ = {isa = PBXBuildFile; fileRef = F4E3EE5F129809DB0005ECAD /* ASIDataDecompressor.m */; };
		F4E3EE72129809DB0005ECAD /* ASIDownloadCache.m in Sources */ = {isa = PBXBuildFile; fileRef = F4E3EE61129809DB0005ECAD /* ASIDownloadCache.m */; };
		F4E3EE73129809DB0005ECAD /* ASIFormDataRequest.m in Sources */ = {isa = PBXBuildFile; fileRef = F4E3EE63129809DB0005ECAD /* ASIFormDataRequest.m */; };
		F4E3EE74129809DB0005ECAD /* ASIHTTPRequest.m in Sources */ = {isa = PBXBuildFile; fileRef = F4E3EE65129809DB0005ECAD /* ASIHTTPRequest.m */; };
		F4E3EE75129809DB0005ECAD /* ASIInputStream.m in Sources */ = {isa = PBXBuildFile; fileRef = F4E3EE69129809DB0005ECAD /* ASIInputStream.m */; };
		F4E3EE76129809DB0005ECAD /* ASINetworkQueue.m in Sources */ = {isa = PBXBuildFile; fileRef = F4E3EE6B129809DB0005ECAD /* ASINetworkQueue.m */; };
		F4E3EE7F12980A0F0005ECAD /* libz.1.2.3.dylib in Frameworks */ = {isa = PBXBuildFile; fileRef = F4E3EE7E12980A0F0005ECAD /* libz.1.2.3.dylib */; };
		F4E3EE8112980A240005ECAD /* Security.framework in Frameworks */ = {isa = PBXBuildFile; fileRef = F4E3EE8012980A240005ECAD /* Security.framework */; };
		F4E3EE8312980A240005ECAD /* SystemConfiguration.framework in Frameworks */ = {isa = PBXBuildFile; fileRef = F4E3EE8212980A240005ECAD /* SystemConfiguration.framework */; };
		F4E3EEC012980DD40005ECAD /* Story.rb in Resources */ = {isa = PBXBuildFile; fileRef = F4E3EEBF12980DD40005ECAD /* Story.rb */; };
		F4E3EF1A12981E350005ECAD /* WebKit.framework in Frameworks */ = {isa = PBXBuildFile; fileRef = F4E3EF1912981E350005ECAD /* WebKit.framework */; };
		F4E3F118129843FE0005ECAD /* play_graphite.png in Resources */ = {isa = PBXBuildFile; fileRef = F4E3F117129843FE0005ECAD /* play_graphite.png */; };
		F4E3F121129845DF0005ECAD /* pause_graphite.png in Resources */ = {isa = PBXBuildFile; fileRef = F4E3F120129845DF0005ECAD /* pause_graphite.png */; };
		F4E3F126129846B20005ECAD /* next_graphite.png in Resources */ = {isa = PBXBuildFile; fileRef = F4E3F124129846B20005ECAD /* next_graphite.png */; };
		F4E3F127129846B20005ECAD /* previous_graphite.png in Resources */ = {isa = PBXBuildFile; fileRef = F4E3F125129846B20005ECAD /* previous_graphite.png */; };
/* End PBXBuildFile section */

/* Begin PBXFileReference section */
		089C165DFE840E0CC02AAC07 /* English */ = {isa = PBXFileReference; fileEncoding = 10; lastKnownFileType = text.plist.strings; name = English; path = English.lproj/InfoPlist.strings; sourceTree = "<group>"; };
		1058C7A1FEA54F0111CA2CBB /* Cocoa.framework */ = {isa = PBXFileReference; lastKnownFileType = wrapper.framework; name = Cocoa.framework; path = /System/Library/Frameworks/Cocoa.framework; sourceTree = "<absolute>"; };
		13E42FB307B3F0F600E4EEF1 /* CoreData.framework */ = {isa = PBXFileReference; lastKnownFileType = wrapper.framework; name = CoreData.framework; path = /System/Library/Frameworks/CoreData.framework; sourceTree = "<absolute>"; };
		29B97316FDCFA39411CA2CEA /* main.m */ = {isa = PBXFileReference; fileEncoding = 4; lastKnownFileType = sourcecode.c.objc; path = main.m; sourceTree = "<group>"; };
		29B97324FDCFA39411CA2CEA /* AppKit.framework */ = {isa = PBXFileReference; lastKnownFileType = wrapper.framework; name = AppKit.framework; path = /System/Library/Frameworks/AppKit.framework; sourceTree = "<absolute>"; };
		29B97325FDCFA39411CA2CEA /* Foundation.framework */ = {isa = PBXFileReference; lastKnownFileType = wrapper.framework; name = Foundation.framework; path = /System/Library/Frameworks/Foundation.framework; sourceTree = "<absolute>"; };
		4DE339F60D74FCDD00ADB6EE /* rb_main.rb */ = {isa = PBXFileReference; fileEncoding = 4; lastKnownFileType = text.script.ruby; path = rb_main.rb; sourceTree = "<group>"; };
		4DE3BE130D8651D900ECA448 /* MacRuby.framework */ = {isa = PBXFileReference; lastKnownFileType = wrapper.framework; name = MacRuby.framework; path = /Library/Frameworks/MacRuby.framework; sourceTree = "<absolute>"; };
		8D1107310486CEB800E47090 /* Info.plist */ = {isa = PBXFileReference; fileEncoding = 4; lastKnownFileType = text.plist.xml; path = Info.plist; sourceTree = "<group>"; };
		8D1107320486CEB800E47090 /* Paperadio.app */ = {isa = PBXFileReference; explicitFileType = wrapper.application; includeInIndex = 0; path = Paperadio.app; sourceTree = BUILT_PRODUCTS_DIR; };
		8F0C5D820EADC1EE007FBAA3 /* AppDelegate.rb */ = {isa = PBXFileReference; fileEncoding = 4; lastKnownFileType = text.script.ruby; path = AppDelegate.rb; sourceTree = "<group>"; };
		8F0C5D880EADC379007FBAA3 /* MacRubyApp.xcdatamodel */ = {isa = PBXFileReference; fileEncoding = 4; lastKnownFileType = wrapper.xcdatamodel; path = MacRubyApp.xcdatamodel; sourceTree = "<group>"; };
		CD65E1A611C941D600E46B3D /* English */ = {isa = PBXFileReference; lastKnownFileType = file.xib; name = English; path = English.lproj/MainMenu.xib; sourceTree = "<group>"; };
		F4E3EB311297A5D60005ECAD /* Instapaper.rb */ = {isa = PBXFileReference; fileEncoding = 4; lastKnownFileType = text.script.ruby; path = Instapaper.rb; sourceTree = "<group>"; };
		F4E3EE5B129809DB0005ECAD /* ASICacheDelegate.h */ = {isa = PBXFileReference; fileEncoding = 4; lastKnownFileType = sourcecode.c.h; name = ASICacheDelegate.h; path = ASIHTTP/ASICacheDelegate.h; sourceTree = "<group>"; };
		F4E3EE5C129809DB0005ECAD /* ASIDataCompressor.h */ = {isa = PBXFileReference; fileEncoding = 4; lastKnownFileType = sourcecode.c.h; name = ASIDataCompressor.h; path = ASIHTTP/ASIDataCompressor.h; sourceTree = "<group>"; };
		F4E3EE5D129809DB0005ECAD /* ASIDataCompressor.m */ = {isa = PBXFileReference; fileEncoding = 4; lastKnownFileType = sourcecode.c.objc; name = ASIDataCompressor.m; path = ASIHTTP/ASIDataCompressor.m; sourceTree = "<group>"; };
		F4E3EE5E129809DB0005ECAD /* ASIDataDecompressor.h */ = {isa = PBXFileReference; fileEncoding = 4; lastKnownFileType = sourcecode.c.h; name = ASIDataDecompressor.h; path = ASIHTTP/ASIDataDecompressor.h; sourceTree = "<group>"; };
		F4E3EE5F129809DB0005ECAD /* ASIDataDecompressor.m */ = {isa = PBXFileReference; fileEncoding = 4; lastKnownFileType = sourcecode.c.objc; name = ASIDataDecompressor.m; path = ASIHTTP/ASIDataDecompressor.m; sourceTree = "<group>"; };
		F4E3EE60129809DB0005ECAD /* ASIDownloadCache.h */ = {isa = PBXFileReference; fileEncoding = 4; lastKnownFileType = sourcecode.c.h; name = ASIDownloadCache.h; path = ASIHTTP/ASIDownloadCache.h; sourceTree = "<group>"; };
		F4E3EE61129809DB0005ECAD /* ASIDownloadCache.m */ = {isa = PBXFileReference; fileEncoding = 4; lastKnownFileType = sourcecode.c.objc; name = ASIDownloadCache.m; path = ASIHTTP/ASIDownloadCache.m; sourceTree = "<group>"; };
		F4E3EE62129809DB0005ECAD /* ASIFormDataRequest.h */ = {isa = PBXFileReference; fileEncoding = 4; lastKnownFileType = sourcecode.c.h; name = ASIFormDataRequest.h; path = ASIHTTP/ASIFormDataRequest.h; sourceTree = "<group>"; };
		F4E3EE63129809DB0005ECAD /* ASIFormDataRequest.m */ = {isa = PBXFileReference; fileEncoding = 4; lastKnownFileType = sourcecode.c.objc; name = ASIFormDataRequest.m; path = ASIHTTP/ASIFormDataRequest.m; sourceTree = "<group>"; };
		F4E3EE64129809DB0005ECAD /* ASIHTTPRequest.h */ = {isa = PBXFileReference; fileEncoding = 4; lastKnownFileType = sourcecode.c.h; name = ASIHTTPRequest.h; path = ASIHTTP/ASIHTTPRequest.h; sourceTree = "<group>"; };
		F4E3EE65129809DB0005ECAD /* ASIHTTPRequest.m */ = {isa = PBXFileReference; fileEncoding = 4; lastKnownFileType = sourcecode.c.objc; name = ASIHTTPRequest.m; path = ASIHTTP/ASIHTTPRequest.m; sourceTree = "<group>"; };
		F4E3EE66129809DB0005ECAD /* ASIHTTPRequestConfig.h */ = {isa = PBXFileReference; fileEncoding = 4; lastKnownFileType = sourcecode.c.h; name = ASIHTTPRequestConfig.h; path = ASIHTTP/ASIHTTPRequestConfig.h; sourceTree = "<group>"; };
		F4E3EE67129809DB0005ECAD /* ASIHTTPRequestDelegate.h */ = {isa = PBXFileReference; fileEncoding = 4; lastKnownFileType = sourcecode.c.h; name = ASIHTTPRequestDelegate.h; path = ASIHTTP/ASIHTTPRequestDelegate.h; sourceTree = "<group>"; };
		F4E3EE68129809DB0005ECAD /* ASIInputStream.h */ = {isa = PBXFileReference; fileEncoding = 4; lastKnownFileType = sourcecode.c.h; name = ASIInputStream.h; path = ASIHTTP/ASIInputStream.h; sourceTree = "<group>"; };
		F4E3EE69129809DB0005ECAD /* ASIInputStream.m */ = {isa = PBXFileReference; fileEncoding = 4; lastKnownFileType = sourcecode.c.objc; name = ASIInputStream.m; path = ASIHTTP/ASIInputStream.m; sourceTree = "<group>"; };
		F4E3EE6A129809DB0005ECAD /* ASINetworkQueue.h */ = {isa = PBXFileReference; fileEncoding = 4; lastKnownFileType = sourcecode.c.h; name = ASINetworkQueue.h; path = ASIHTTP/ASINetworkQueue.h; sourceTree = "<group>"; };
		F4E3EE6B129809DB0005ECAD /* ASINetworkQueue.m */ = {isa = PBXFileReference; fileEncoding = 4; lastKnownFileType = sourcecode.c.objc; name = ASINetworkQueue.m; path = ASIHTTP/ASINetworkQueue.m; sourceTree = "<group>"; };
		F4E3EE6C129809DB0005ECAD /* ASIProgressDelegate.h */ = {isa = PBXFileReference; fileEncoding = 4; lastKnownFileType = sourcecode.c.h; name = ASIProgressDelegate.h; path = ASIHTTP/ASIProgressDelegate.h; sourceTree = "<group>"; };
		F4E3EE7E12980A0F0005ECAD /* libz.1.2.3.dylib */ = {isa = PBXFileReference; lastKnownFileType = "compiled.mach-o.dylib"; name = libz.1.2.3.dylib; path = /usr/lib/libz.1.2.3.dylib; sourceTree = "<absolute>"; };
		F4E3EE8012980A240005ECAD /* Security.framework */ = {isa = PBXFileReference; lastKnownFileType = wrapper.framework; name = Security.framework; path = /System/Library/Frameworks/Security.framework; sourceTree = "<absolute>"; };
		F4E3EE8212980A240005ECAD /* SystemConfiguration.framework */ = {isa = PBXFileReference; lastKnownFileType = wrapper.framework; name = SystemConfiguration.framework; path = /System/Library/Frameworks/SystemConfiguration.framework; sourceTree = "<absolute>"; };
		F4E3EEBF12980DD40005ECAD /* Story.rb */ = {isa = PBXFileReference; fileEncoding = 4; lastKnownFileType = text.script.ruby; path = Story.rb; sourceTree = "<group>"; };
		F4E3EF1912981E350005ECAD /* WebKit.framework */ = {isa = PBXFileReference; lastKnownFileType = wrapper.framework; name = WebKit.framework; path = /System/Library/Frameworks/WebKit.framework; sourceTree = "<absolute>"; };
		F4E3F117129843FE0005ECAD /* play_graphite.png */ = {isa = PBXFileReference; lastKnownFileType = image.png; name = play_graphite.png; path = Images/play_graphite.png; sourceTree = "<group>"; };
		F4E3F120129845DF0005ECAD /* pause_graphite.png */ = {isa = PBXFileReference; lastKnownFileType = image.png; name = pause_graphite.png; path = Images/pause_graphite.png; sourceTree = "<group>"; };
		F4E3F124129846B20005ECAD /* next_graphite.png */ = {isa = PBXFileReference; lastKnownFileType = image.png; name = next_graphite.png; path = Images/next_graphite.png; sourceTree = "<group>"; };
		F4E3F125129846B20005ECAD /* previous_graphite.png */ = {isa = PBXFileReference; lastKnownFileType = image.png; name = previous_graphite.png; path = Images/previous_graphite.png; sourceTree = "<group>"; };
/* End PBXFileReference section */

/* Begin PBXFrameworksBuildPhase section */
		8D11072E0486CEB800E47090 /* Frameworks */ = {
			isa = PBXFrameworksBuildPhase;
			buildActionMask = 2147483647;
			files = (
				8D11072F0486CEB800E47090 /* Cocoa.framework in Frameworks */,
				4DE3BE140D8651D900ECA448 /* MacRuby.framework in Frameworks */,
				F4E3EE7F12980A0F0005ECAD /* libz.1.2.3.dylib in Frameworks */,
				F4E3EE8112980A240005ECAD /* Security.framework in Frameworks */,
				F4E3EE8312980A240005ECAD /* SystemConfiguration.framework in Frameworks */,
				F4E3EF1A12981E350005ECAD /* WebKit.framework in Frameworks */,
			);
			runOnlyForDeploymentPostprocessing = 0;
		};
/* End PBXFrameworksBuildPhase section */

/* Begin PBXGroup section */
		080E96DDFE201D6D7F000001 /* Classes */ = {
			isa = PBXGroup;
			children = (
				F4E3EB311297A5D60005ECAD /* Instapaper.rb */,
				F4E3EEBF12980DD40005ECAD /* Story.rb */,
			);
			name = Classes;
			sourceTree = "<group>";
		};
		1058C7A0FEA54F0111CA2CBB /* Linked Frameworks */ = {
			isa = PBXGroup;
			children = (
				4DE3BE130D8651D900ECA448 /* MacRuby.framework */,
				1058C7A1FEA54F0111CA2CBB /* Cocoa.framework */,
			);
			name = "Linked Frameworks";
			sourceTree = "<group>";
		};
		1058C7A2FEA54F0111CA2CBB /* Other Frameworks */ = {
			isa = PBXGroup;
			children = (
				29B97324FDCFA39411CA2CEA /* AppKit.framework */,
				13E42FB307B3F0F600E4EEF1 /* CoreData.framework */,
				29B97325FDCFA39411CA2CEA /* Foundation.framework */,
				F4E3EE7E12980A0F0005ECAD /* libz.1.2.3.dylib */,
				F4E3EE8012980A240005ECAD /* Security.framework */,
				F4E3EE8212980A240005ECAD /* SystemConfiguration.framework */,
				F4E3EF1912981E350005ECAD /* WebKit.framework */,
			);
			name = "Other Frameworks";
			sourceTree = "<group>";
		};
		19C28FACFE9D520D11CA2CBB /* Products */ = {
			isa = PBXGroup;
			children = (
				8D1107320486CEB800E47090 /* Paperadio.app */,
			);
			name = Products;
			sourceTree = "<group>";
		};
		29B97314FDCFA39411CA2CEA /* Paperadio */ = {
			isa = PBXGroup;
			children = (
				F4E3EE58129809CD0005ECAD /* ASIHTTP */,
				080E96DDFE201D6D7F000001 /* Classes */,
				29B97315FDCFA39411CA2CEA /* Other Sources */,
				29B97317FDCFA39411CA2CEA /* Resources */,
				29B97323FDCFA39411CA2CEA /* Frameworks */,
				19C28FACFE9D520D11CA2CBB /* Products */,
				8F0C5D880EADC379007FBAA3 /* MacRubyApp.xcdatamodel */,
			);
			name = Paperadio;
			sourceTree = "<group>";
		};
		29B97315FDCFA39411CA2CEA /* Other Sources */ = {
			isa = PBXGroup;
			children = (
				8F0C5D820EADC1EE007FBAA3 /* AppDelegate.rb */,
				4DE339F60D74FCDD00ADB6EE /* rb_main.rb */,
				29B97316FDCFA39411CA2CEA /* main.m */,
			);
			name = "Other Sources";
			sourceTree = "<group>";
		};
		29B97317FDCFA39411CA2CEA /* Resources */ = {
			isa = PBXGroup;
			children = (
				F4E3F116129843F20005ECAD /* Images */,
				8D1107310486CEB800E47090 /* Info.plist */,
				089C165CFE840E0CC02AAC07 /* InfoPlist.strings */,
				CD68AC5911C9455700CF9405 /* MainMenu.xib */,
			);
			name = Resources;
			sourceTree = "<group>";
		};
		29B97323FDCFA39411CA2CEA /* Frameworks */ = {
			isa = PBXGroup;
			children = (
				1058C7A0FEA54F0111CA2CBB /* Linked Frameworks */,
				1058C7A2FEA54F0111CA2CBB /* Other Frameworks */,
			);
			name = Frameworks;
			sourceTree = "<group>";
		};
		F4E3EE58129809CD0005ECAD /* ASIHTTP */ = {
			isa = PBXGroup;
			children = (
				F4E3EE5B129809DB0005ECAD /* ASICacheDelegate.h */,
				F4E3EE5C129809DB0005ECAD /* ASIDataCompressor.h */,
				F4E3EE5D129809DB0005ECAD /* ASIDataCompressor.m */,
				F4E3EE5E129809DB0005ECAD /* ASIDataDecompressor.h */,
				F4E3EE5F129809DB0005ECAD /* ASIDataDecompressor.m */,
				F4E3EE60129809DB0005ECAD /* ASIDownloadCache.h */,
				F4E3EE61129809DB0005ECAD /* ASIDownloadCache.m */,
				F4E3EE62129809DB0005ECAD /* ASIFormDataRequest.h */,
				F4E3EE63129809DB0005ECAD /* ASIFormDataRequest.m */,
				F4E3EE64129809DB0005ECAD /* ASIHTTPRequest.h */,
				F4E3EE65129809DB0005ECAD /* ASIHTTPRequest.m */,
				F4E3EE66129809DB0005ECAD /* ASIHTTPRequestConfig.h */,
				F4E3EE67129809DB0005ECAD /* ASIHTTPRequestDelegate.h */,
				F4E3EE68129809DB0005ECAD /* ASIInputStream.h */,
				F4E3EE69129809DB0005ECAD /* ASIInputStream.m */,
				F4E3EE6A129809DB0005ECAD /* ASINetworkQueue.h */,
				F4E3EE6B129809DB0005ECAD /* ASINetworkQueue.m */,
				F4E3EE6C129809DB0005ECAD /* ASIProgressDelegate.h */,
			);
			name = ASIHTTP;
			sourceTree = "<group>";
		};
		F4E3F116129843F20005ECAD /* Images */ = {
			isa = PBXGroup;
			children = (
				F4E3F124129846B20005ECAD /* next_graphite.png */,
				F4E3F125129846B20005ECAD /* previous_graphite.png */,
				F4E3F120129845DF0005ECAD /* pause_graphite.png */,
				F4E3F117129843FE0005ECAD /* play_graphite.png */,
			);
			name = Images;
			sourceTree = "<group>";
		};
/* End PBXGroup section */

/* Begin PBXNativeTarget section */
		8D1107260486CEB800E47090 /* Paperadio */ = {
			isa = PBXNativeTarget;
			buildConfigurationList = C01FCF4A08A954540054247B /* Build configuration list for PBXNativeTarget "Paperadio" */;
			buildPhases = (
				8D1107290486CEB800E47090 /* Resources */,
				8D11072C0486CEB800E47090 /* Sources */,
				8D11072E0486CEB800E47090 /* Frameworks */,
			);
			buildRules = (
			);
			dependencies = (
			);
			name = Paperadio;
			productInstallPath = "$(HOME)/Applications";
			productName = Paperadio;
			productReference = 8D1107320486CEB800E47090 /* Paperadio.app */;
			productType = "com.apple.product-type.application";
		};
/* End PBXNativeTarget section */

/* Begin PBXProject section */
		29B97313FDCFA39411CA2CEA /* Project object */ = {
			isa = PBXProject;
			attributes = {
				ORGANIZATIONNAME = "Deepcalm Apps";
			};
			buildConfigurationList = C01FCF4E08A954540054247B /* Build configuration list for PBXProject "Paperadio" */;
			compatibilityVersion = "Xcode 3.0";
			developmentRegion = English;
			hasScannedForEncodings = 1;
			knownRegions = (
				English,
				Japanese,
				French,
				German,
			);
			mainGroup = 29B97314FDCFA39411CA2CEA /* Paperadio */;
			projectDirPath = "";
			projectRoot = "";
			targets = (
				8D1107260486CEB800E47090 /* Paperadio */,
			);
		};
/* End PBXProject section */

/* Begin PBXResourcesBuildPhase section */
		8D1107290486CEB800E47090 /* Resources */ = {
			isa = PBXResourcesBuildPhase;
			buildActionMask = 2147483647;
			files = (
				8D11072B0486CEB800E47090 /* InfoPlist.strings in Resources */,
				4DE339F70D74FCDD00ADB6EE /* rb_main.rb in Resources */,
				8F0C5D830EADC1EE007FBAA3 /* AppDelegate.rb in Resources */,
				CD68AC5A11C9455700CF9405 /* MainMenu.xib in Resources */,
				F4E3EB321297A5D60005ECAD /* Instapaper.rb in Resources */,
				F4E3EEC012980DD40005ECAD /* Story.rb in Resources */,
				F4E3F118129843FE0005ECAD /* play_graphite.png in Resources */,
				F4E3F121129845DF0005ECAD /* pause_graphite.png in Resources */,
				F4E3F126129846B20005ECAD /* next_graphite.png in Resources */,
				F4E3F127129846B20005ECAD /* previous_graphite.png in Resources */,
			);
			runOnlyForDeploymentPostprocessing = 0;
		};
/* End PBXResourcesBuildPhase section */

/* Begin PBXSourcesBuildPhase section */
		8D11072C0486CEB800E47090 /* Sources */ = {
			isa = PBXSourcesBuildPhase;
			buildActionMask = 2147483647;
			files = (
				8D11072D0486CEB800E47090 /* main.m in Sources */,
				8F0C5D890EADC379007FBAA3 /* MacRubyApp.xcdatamodel in Sources */,
				F4E3EE70129809DB0005ECAD /* ASIDataCompressor.m in Sources */,
				F4E3EE71129809DB0005ECAD /* ASIDataDecompressor.m in Sources */,
				F4E3EE72129809DB0005ECAD /* ASIDownloadCache.m in Sources */,
				F4E3EE73129809DB0005ECAD /* ASIFormDataRequest.m in Sources */,
				F4E3EE74129809DB0005ECAD /* ASIHTTPRequest.m in Sources */,
				F4E3EE75129809DB0005ECAD /* ASIInputStream.m in Sources */,
				F4E3EE76129809DB0005ECAD /* ASINetworkQueue.m in Sources */,
			);
			runOnlyForDeploymentPostprocessing = 0;
		};
/* End PBXSourcesBuildPhase section */

/* Begin PBXVariantGroup section */
		089C165CFE840E0CC02AAC07 /* InfoPlist.strings */ = {
			isa = PBXVariantGroup;
			children = (
				089C165DFE840E0CC02AAC07 /* English */,
			);
			name = InfoPlist.strings;
			sourceTree = "<group>";
		};
		CD68AC5911C9455700CF9405 /* MainMenu.xib */ = {
			isa = PBXVariantGroup;
			children = (
				CD65E1A611C941D600E46B3D /* English */,
			);
			name = MainMenu.xib;
			sourceTree = "<group>";
		};
/* End PBXVariantGroup section */

/* Begin XCBuildConfiguration section */
		C01FCF4B08A954540054247B /* Debug */ = {
			isa = XCBuildConfiguration;
			buildSettings = {
				COPY_PHASE_STRIP = NO;
				GCC_DYNAMIC_NO_PIC = NO;
				GCC_ENABLE_FIX_AND_CONTINUE = YES;
				GCC_MODEL_TUNING = G5;
				GCC_OPTIMIZATION_LEVEL = 0;
				GCC_PRECOMPILE_PREFIX_HEADER = YES;
				INFOPLIST_FILE = Info.plist;
				INSTALL_PATH = "$(HOME)/Applications";
				PRODUCT_NAME = Paperadio;
				WRAPPER_EXTENSION = app;
				ZERO_LINK = YES;
			};
			name = Debug;
		};
		C01FCF4C08A954540054247B /* Release */ = {
			isa = XCBuildConfiguration;
			buildSettings = {
				DEBUG_INFORMATION_FORMAT = "dwarf-with-dsym";
				GCC_MODEL_TUNING = G5;
				GCC_PRECOMPILE_PREFIX_HEADER = YES;
				INFOPLIST_FILE = Info.plist;
				INSTALL_PATH = "$(HOME)/Applications";
				PRODUCT_NAME = Paperadio;
				WRAPPER_EXTENSION = app;
			};
			name = Release;
		};
		C01FCF4F08A954540054247B /* Debug */ = {
			isa = XCBuildConfiguration;
			buildSettings = {
				ARCHS = "$(NATIVE_ARCH_ACTUAL)";
				GCC_ENABLE_OBJC_GC = required;
				GCC_WARN_ABOUT_RETURN_TYPE = YES;
				GCC_WARN_UNUSED_VARIABLE = YES;
				PREBINDING = NO;
				SDKROOT = "";
			};
			name = Debug;
		};
		C01FCF5008A954540054247B /* Release */ = {
			isa = XCBuildConfiguration;
			buildSettings = {
				ARCHS = "$(NATIVE_ARCH_ACTUAL)";
				GCC_ENABLE_OBJC_GC = required;
				GCC_WARN_ABOUT_RETURN_TYPE = YES;
				GCC_WARN_UNUSED_VARIABLE = YES;
				PREBINDING = NO;
				SDKROOT = "";
			};
			name = Release;
		};
/* End XCBuildConfiguration section */

/* Begin XCConfigurationList section */
		C01FCF4A08A954540054247B /* Build configuration list for PBXNativeTarget "Paperadio" */ = {
			isa = XCConfigurationList;
			buildConfigurations = (
				C01FCF4B08A954540054247B /* Debug */,
				C01FCF4C08A954540054247B /* Release */,
			);
			defaultConfigurationIsVisible = 0;
			defaultConfigurationName = Release;
		};
		C01FCF4E08A954540054247B /* Build configuration list for PBXProject "Paperadio" */ = {
			isa = XCConfigurationList;
			buildConfigurations = (
				C01FCF4F08A954540054247B /* Debug */,
				C01FCF5008A954540054247B /* Release */,
			);
			defaultConfigurationIsVisible = 0;
			defaultConfigurationName = Release;
		};
/* End XCConfigurationList section */
	};
	rootObject = 29B97313FDCFA39411CA2CEA /* Project object */;
}
